
Microsoft Visual Studio Solution File, Format Version 12.00
# Visual Studio Version 16
VisualStudioVersion = 16.0.29905.134
MinimumVisualStudioVersion = 10.0.40219.1
Project("{9A19103F-16F7-4668-BE54-9A1E7A4F7556}") = "GeoIPWorkerService", "GeoIPWorkerService\GeoIPWorkerService.csproj", "{0B2C6053-E1E8-404D-A44D-A83A63947E78}"
EndProject
Project("{9A19103F-16F7-4668-BE54-9A1E7A4F7556}") = "PingWorkerService", "PingWorkerService\PingWorkerService.csproj", "{054FD67B-92C5-4141-98D3-CCA3492CD5F7}"
EndProject
Project("{9A19103F-16F7-4668-BE54-9A1E7A4F7556}") = "ReverseDNSWorkerService", "ReverseDNSWorkerService\ReverseDNSWorkerService.csproj", "{CA02375D-87FE-422A-9C40-F5D9DFBA73FC}"
EndProject
Project("{FAE04EC0-301F-11D3-BF4B-00C04F79EFBC}") = "WorkerCore", "WorkerCore\WorkerCore.csproj", "{26E3E89C-D0B4-414E-9522-E3B289ED1169}"
EndProject
Global
	GlobalSection(SolutionConfigurationPlatforms) = preSolution
		Debug|Any CPU = Debug|Any CPU
		Release|Any CPU = Release|Any CPU
	EndGlobalSection
	GlobalSection(ProjectConfigurationPlatforms) = postSolution
		{0B2C6053-E1E8-404D-A44D-A83A63947E78}.Debug|Any CPU.ActiveCfg = Debug|Any CPU
		{0B2C6053-E1E8-404D-A44D-A83A63947E78}.Debug|Any CPU.Build.0 = Debug|Any CPU
		{0B2C6053-E1E8-404D-A44D-A83A63947E78}.Release|Any CPU.ActiveCfg = Release|Any CPU
		{0B2C6053-E1E8-404D-A44D-A83A63947E78}.Release|Any CPU.Build.0 = Release|Any CPU
		{054FD67B-92C5-4141-98D3-CCA3492CD5F7}.Debug|Any CPU.ActiveCfg = Debug|Any CPU
		{054FD67B-92C5-4141-98D3-CCA3492CD5F7}.Debug|Any CPU.Build.0 = Debug|Any CPU
		{054FD67B-92C5-4141-98D3-CCA3492CD5F7}.Release|Any CPU.ActiveCfg = Release|Any CPU
		{054FD67B-92C5-4141-98D3-CCA3492CD5F7}.Release|Any CPU.Build.0 = Release|Any CPU
		{CA02375D-87FE-422A-9C40-F5D9DFBA73FC}.Debug|Any CPU.ActiveCfg = Debug|Any CPU
		{CA02375D-87FE-422A-9C40-F5D9DFBA73FC}.Debug|Any CPU.Build.0 = Debug|Any CPU
		{CA02375D-87FE-422A-9C40-F5D9DFBA73FC}.Release|Any CPU.ActiveCfg = Release|Any CPU
		{CA02375D-87FE-422A-9C40-F5D9DFBA73FC}.Release|Any CPU.Build.0 = Release|Any CPU
		{26E3E89C-D0B4-414E-9522-E3B289ED1169}.Debug|Any CPU.ActiveCfg = Debug|Any CPU
		{26E3E89C-D0B4-414E-9522-E3B289ED1169}.Debug|Any CPU.Build.0 = Debug|Any CPU
		{26E3E89C-D0B4-414E-9522-E3B289ED1169}.Release|Any CPU.ActiveCfg = Release|Any CPU
		{26E3E89C-D0B4-414E-9522-E3B289ED1169}.Release|Any CPU.Build.0 = Release|Any CPU
	EndGlobalSection
	GlobalSection(SolutionProperties) = preSolution
		HideSolutionNode = FALSE
	EndGlobalSection
	GlobalSection(ExtensibilityGlobals) = postSolution
		SolutionGuid = {846AFE39-375D-4088-ABF7-0DACBE6BB158}
	EndGlobalSection
EndGlobal
